{
  "name": "cdk-deploy",
  "version": "0.1.0",
  "lockfileVersion": 2,
  "requires": true,
  "packages": {
    "": {
      "name": "cdk-deploy",
      "version": "0.1.0",
      "license": "MIT",
      "dependencies": {
        "cdk": "^1.165.0"
      }
    },
    "node_modules/aws-cdk": {
      "version": "1.165.0",
      "resolved": "https://registry.npmjs.org/aws-cdk/-/aws-cdk-1.165.0.tgz",
      "integrity": "sha512-CQn+5iXH7Pz4BMSXl2SpBAXpf5CH1rvZICzTy+px8YW3xuC2Yms3IjnUGfQDJeOKRoF3QxrD2uXHJwq6QIbhcw==",
      "bin": {
        "cdk": "bin/cdk"
      },
      "engines": {
        "node": ">= 14.15.0"
      },
      "optionalDependencies": {
        "fsevents": "2.3.2"
      }
    },
    "node_modules/cdk": {
      "version": "1.165.0",
      "resolved": "https://registry.npmjs.org/cdk/-/cdk-1.165.0.tgz",
      "integrity": "sha512-T5FOdMRJ45967KeqfyOcT00kkuCjxz4Ax5b37gOW860mg0uMOgmT5PVjK+1eZFn2y7fjsAY316d86dT/gCNIQg==",
      "dependencies": {
        "aws-cdk": "1.165.0"
      },
      "bin": {
        "cdk": "bin/cdk"
      },
      "engines": {
        "node": ">= 14.15.0"
      }
    },
    "node_modules/fsevents": {
      "version": "2.3.2",
      "resolved": "https://registry.npmjs.org/fsevents/-/fsevents-2.3.2.tgz",
      "integrity": "sha512-xiqMQR4xAeHTuB9uWm+fFRcIOgKBMiOBP+eXiyT7jsgVCq1bkVygt00oASowB7EdtpOHaaPgKt812P9ab+DDKA==",
      "hasInstallScript": true,
      "optional": true,
      "os": [
        "darwin"
      ],
      "engines": {
        "node": "^8.16.0 || ^10.6.0 || >=11.0.0"
      }
    }
  },
  "dependencies": {
    "aws-cdk": {
      "version": "1.165.0",
      "resolved": "https://registry.npmjs.org/aws-cdk/-/aws-cdk-1.165.0.tgz",
      "integrity": "sha512-CQn+5iXH7Pz4BMSXl2SpBAXpf5CH1rvZICzTy+px8YW3xuC2Yms3IjnUGfQDJeOKRoF3QxrD2uXHJwq6QIbhcw==",
      "requires": {
        "fsevents": "2.3.2"
      }
    },
    "cdk": {
      "version": "1.165.0",
      "resolved": "https://registry.npmjs.org/cdk/-/cdk-1.165.0.tgz",
      "integrity": "sha512-T5FOdMRJ45967KeqfyOcT00kkuCjxz4Ax5b37gOW860mg0uMOgmT5PVjK+1eZFn2y7fjsAY316d86dT/gCNIQg==",
      "requires": {
        "aws-cdk": "1.165.0"
      }
    },
    "fsevents": {
      "version": "2.3.2",
      "resolved": "https://registry.npmjs.org/fsevents/-/fsevents-2.3.2.tgz",
      "integrity": "sha512-xiqMQR4xAeHTuB9uWm+fFRcIOgKBMiOBP+eXiyT7jsgVCq1bkVygt00oASowB7EdtpOHaaPgKt812P9ab+DDKA==",
      "optional": true
    }
  }
}
