{
  "name": "cdk-deploy",
  "version": "0.1.0",
  "lockfileVersion": 2,
  "requires": true,
  "packages": {
    "": {
      "name": "cdk-deploy",
      "version": "0.1.0",
      "license": "MIT",
      "dependencies": {
        "cdk": "1.160.0"
      }
    },
    "node_modules/aws-cdk": {
      "version": "1.160.0",
      "resolved": "https://registry.npmjs.org/aws-cdk/-/aws-cdk-1.160.0.tgz",
      "integrity": "sha512-WJu0Y1igEV0/RnVm+ppynYdlrqA1wD7mN9SNXJJA6VTozeboIZF9ZskwDkFZ6o1VXmvW/i8K2heSNLv2HuDZNQ==",
      "bin": {
        "cdk": "bin/cdk"
      },
      "engines": {
        "node": ">= 14.15.0"
      },
      "optionalDependencies": {
        "fsevents": "2.3.2"
      }
    },
    "node_modules/cdk": {
      "version": "1.160.0",
      "resolved": "https://registry.npmjs.org/cdk/-/cdk-1.160.0.tgz",
      "integrity": "sha512-ggZqbj5E3EmupBmJvOHiMmmkdl/rKGwCJRmFGQ6bjAiLXlfSTIuv3osZquB9q7fQBXC7PNNMlT6yPMFAM2e/Pw==",
      "dependencies": {
        "aws-cdk": "1.160.0"
      },
      "bin": {
        "cdk": "bin/cdk"
      },
      "engines": {
        "node": ">= 14.15.0"
      }
    },
    "node_modules/fsevents": {
      "version": "2.3.2",
      "resolved": "https://registry.npmjs.org/fsevents/-/fsevents-2.3.2.tgz",
      "integrity": "sha512-xiqMQR4xAeHTuB9uWm+fFRcIOgKBMiOBP+eXiyT7jsgVCq1bkVygt00oASowB7EdtpOHaaPgKt812P9ab+DDKA==",
      "hasInstallScript": true,
      "optional": true,
      "os": [
        "darwin"
      ],
      "engines": {
        "node": "^8.16.0 || ^10.6.0 || >=11.0.0"
      }
    }
  },
  "dependencies": {
    "aws-cdk": {
      "version": "1.160.0",
      "resolved": "https://registry.npmjs.org/aws-cdk/-/aws-cdk-1.160.0.tgz",
      "integrity": "sha512-WJu0Y1igEV0/RnVm+ppynYdlrqA1wD7mN9SNXJJA6VTozeboIZF9ZskwDkFZ6o1VXmvW/i8K2heSNLv2HuDZNQ==",
      "requires": {
        "fsevents": "2.3.2"
      }
    },
    "cdk": {
      "version": "1.160.0",
      "resolved": "https://registry.npmjs.org/cdk/-/cdk-1.160.0.tgz",
      "integrity": "sha512-ggZqbj5E3EmupBmJvOHiMmmkdl/rKGwCJRmFGQ6bjAiLXlfSTIuv3osZquB9q7fQBXC7PNNMlT6yPMFAM2e/Pw==",
      "requires": {
        "aws-cdk": "1.160.0"
      }
    },
    "fsevents": {
      "version": "2.3.2",
      "resolved": "https://registry.npmjs.org/fsevents/-/fsevents-2.3.2.tgz",
      "integrity": "sha512-xiqMQR4xAeHTuB9uWm+fFRcIOgKBMiOBP+eXiyT7jsgVCq1bkVygt00oASowB7EdtpOHaaPgKt812P9ab+DDKA==",
      "optional": true
    }
  }
}
