{
  "name": "cdk-deploy",
  "version": "0.1.0",
  "lockfileVersion": 2,
  "requires": true,
  "packages": {
    "": {
      "name": "cdk-deploy",
      "version": "0.1.0",
      "license": "MIT",
      "dependencies": {
        "cdk": "2.1018.1"
      }
    },
    "node_modules/aws-cdk": {
      "version": "2.1018.1",
      "resolved": "https://registry.npmjs.org/aws-cdk/-/aws-cdk-2.1018.1.tgz",
      "integrity": "sha512-kFPRox5kSm+ktJ451o0ng9rD+60p5Kt1CZIWw8kXnvqbsxN2xv6qbmyWSXw7sGVXVwqrRKVj+71/JeDr+LMAZw==",
      "bin": {
        "cdk": "bin/cdk"
      },
      "engines": {
        "node": ">= 18.0.0"
      },
      "optionalDependencies": {
        "fsevents": "2.3.2"
      }
    },
    "node_modules/cdk": {
      "version": "2.1018.1",
      "resolved": "https://registry.npmjs.org/cdk/-/cdk-2.1018.1.tgz",
      "integrity": "sha512-lm4dZJHZqi8jdNMmVptllWpvieGJgjjbrBZDKBsx6Okqlj3MoYj7OK6zpoKz7HQ9hI7SULw6TXRtxsSSx1UByA==",
      "dependencies": {
        "aws-cdk": "2.1018.1"
      },
      "bin": {
        "cdk": "bin/cdk"
      },
      "engines": {
        "node": ">= 18.0.0"
      }
    },
    "node_modules/fsevents": {
      "version": "2.3.2",
      "resolved": "https://registry.npmjs.org/fsevents/-/fsevents-2.3.2.tgz",
      "integrity": "sha512-xiqMQR4xAeHTuB9uWm+fFRcIOgKBMiOBP+eXiyT7jsgVCq1bkVygt00oASowB7EdtpOHaaPgKt812P9ab+DDKA==",
      "hasInstallScript": true,
      "optional": true,
      "os": [
        "darwin"
      ],
      "engines": {
        "node": "^8.16.0 || ^10.6.0 || >=11.0.0"
      }
    }
  },
  "dependencies": {
    "aws-cdk": {
      "version": "2.1018.1",
      "resolved": "https://registry.npmjs.org/aws-cdk/-/aws-cdk-2.1018.1.tgz",
      "integrity": "sha512-kFPRox5kSm+ktJ451o0ng9rD+60p5Kt1CZIWw8kXnvqbsxN2xv6qbmyWSXw7sGVXVwqrRKVj+71/JeDr+LMAZw==",
      "requires": {
        "fsevents": "2.3.2"
      }
    },
    "cdk": {
      "version": "2.1018.1",
      "resolved": "https://registry.npmjs.org/cdk/-/cdk-2.1018.1.tgz",
      "integrity": "sha512-lm4dZJHZqi8jdNMmVptllWpvieGJgjjbrBZDKBsx6Okqlj3MoYj7OK6zpoKz7HQ9hI7SULw6TXRtxsSSx1UByA==",
      "requires": {
        "aws-cdk": "2.1018.1"
      }
    },
    "fsevents": {
      "version": "2.3.2",
      "resolved": "https://registry.npmjs.org/fsevents/-/fsevents-2.3.2.tgz",
      "integrity": "sha512-xiqMQR4xAeHTuB9uWm+fFRcIOgKBMiOBP+eXiyT7jsgVCq1bkVygt00oASowB7EdtpOHaaPgKt812P9ab+DDKA==",
      "optional": true
    }
  }
}
