version = 1
revision = 3
requires-python = ">=3.14"

[[package]]
name = "annotated-types"
version = "0.7.0"
source = { registry = "https://pypi.org/simple" }
sdist = { url = "https://files.pythonhosted.org/packages/ee/67/531ea369ba64dcff5ec9c3402f9f51bf748cec26dde048a2f973a4eea7f5/annotated_types-0.7.0.tar.gz", hash = "sha256:aff07c09a53a08bc8cfccb9c85b05f1aa9a2a6f23728d790723543408344ce89", size = 16081, upload-time = "2024-05-20T21:33:25.928Z" }
wheels = [
    { url = "https://files.pythonhosted.org/packages/78/b6/6307fbef88d9b5ee7421e68d78a9f162e0da4900bc5f5793f6d3d0e34fb8/annotated_types-0.7.0-py3-none-any.whl", hash = "sha256:1f02e8b43a8fbbc3f3e0d4f0f4bfc8131bcb4eebe8849b8e5c773f3a1c582a53", size = 13643, upload-time = "2024-05-20T21:33:24.1Z" },
]

[[package]]
name = "attrs"
version = "25.4.0"
source = { registry = "https://pypi.org/simple" }
sdist = { url = "https://files.pythonhosted.org/packages/6b/5c/685e6633917e101e5dcb62b9dd76946cbb57c26e133bae9e0cd36033c0a9/attrs-25.4.0.tar.gz", hash = "sha256:16d5969b87f0859ef33a48b35d55ac1be6e42ae49d5e853b597db70c35c57e11", size = 934251, upload-time = "2025-10-06T13:54:44.725Z" }
wheels = [
    { url = "https://files.pythonhosted.org/packages/3a/2a/7cc015f5b9f5db42b7d48157e23356022889fc354a2813c15934b7cb5c0e/attrs-25.4.0-py3-none-any.whl", hash = "sha256:adcf7e2a1fb3b36ac48d97835bb6d8ade15b8dcce26aba8bf1d14847b57a3373", size = 67615, upload-time = "2025-10-06T13:54:43.17Z" },
]

[[package]]
name = "aws-cdk-asset-awscli-v1"
version = "2.2.242"
source = { registry = "https://pypi.org/simple" }
dependencies = [
    { name = "jsii" },
    { name = "publication" },
    { name = "typeguard" },
]
sdist = { url = "https://files.pythonhosted.org/packages/84/66/095e92652c175a9c18c98bc358db2c5957897245053fb5d0988c908be355/aws_cdk_asset_awscli_v1-2.2.242.tar.gz", hash = "sha256:a957d679a118f4375307ed90b9aed7127c5c1402989438060eae4ab29ab0d13f", size = 19284036, upload-time = "2025-06-23T17:42:03.275Z" }
wheels = [
    { url = "https://files.pythonhosted.org/packages/7a/ca/0415b7387c776c0a82a153fe75573e78cbbf1a71d4475636393f5ecfc649/aws_cdk_asset_awscli_v1-2.2.242-py3-none-any.whl", hash = "sha256:d1001bf56a12f7d1162d4211003d1e8f72a213159465e2d0e1c598cc0ea44aad", size = 19282441, upload-time = "2025-06-23T17:42:00.381Z" },
]

[[package]]
name = "aws-cdk-asset-node-proxy-agent-v6"
version = "2.1.0"
source = { registry = "https://pypi.org/simple" }
dependencies = [
    { name = "jsii" },
    { name = "publication" },
    { name = "typeguard" },
]
sdist = { url = "https://files.pythonhosted.org/packages/d5/ab/09ac3ecc0067988d02398328e088d66cbe8555c991563c8ddfa1db5296ae/aws_cdk_asset_node_proxy_agent_v6-2.1.0.tar.gz", hash = "sha256:1f292c0631f86708ba4ee328b3a2b229f7e46ea1c79fbde567ee9eb119c2b0e2", size = 1540231, upload-time = "2024-09-03T09:36:51.634Z" }
wheels = [
    { url = "https://files.pythonhosted.org/packages/8d/86/1817a6da223aa80aeb94a504f07f930170284694b18f6053729e9930cc6a/aws_cdk.asset_node_proxy_agent_v6-2.1.0-py3-none-any.whl", hash = "sha256:24a388b69a44d03bae6dbf864c4e25ba650d4b61c008b4568b94ffbb9a69e40e", size = 1538724, upload-time = "2024-09-03T09:36:49.8Z" },
]

[[package]]
name = "aws-cdk-cloud-assembly-schema"
version = "48.20.0"
source = { registry = "https://pypi.org/simple" }
dependencies = [
    { name = "jsii" },
    { name = "publication" },
    { name = "typeguard" },
]
sdist = { url = "https://files.pythonhosted.org/packages/a7/b5/1ce2f6bff913ca8c94a001b84290ec4ce3729f54a3af0e3ff0edb303ac20/aws_cdk_cloud_assembly_schema-48.20.0.tar.gz", hash = "sha256:229aa136c26b71b0a82b5a32658eabcd30e344f7e136315fdb6e3de8ef523bfa", size = 208109, upload-time = "2025-11-19T12:19:48.206Z" }
wheels = [
    { url = "https://files.pythonhosted.org/packages/13/08/17a35f0b668451484f2254f5e50a0105958bffe90da11c41b7629972e6a9/aws_cdk_cloud_assembly_schema-48.20.0-py3-none-any.whl", hash = "sha256:f5b6cf661cac8690add9461de13aeae3f3742eec71c066032bd045b08d0b7c3e", size = 207669, upload-time = "2025-11-19T12:19:46.614Z" },
]

[[package]]
name = "aws-cdk-lib"
version = "2.232.2"
source = { registry = "https://pypi.org/simple" }
dependencies = [
    { name = "aws-cdk-asset-awscli-v1" },
    { name = "aws-cdk-asset-node-proxy-agent-v6" },
    { name = "aws-cdk-cloud-assembly-schema" },
    { name = "constructs" },
    { name = "jsii" },
    { name = "publication" },
    { name = "typeguard" },
]
sdist = { url = "https://files.pythonhosted.org/packages/0c/34/24af9f7bdca0143b09be8d9228901c2b82f4866aab7544eabe2e386600b8/aws_cdk_lib-2.232.2.tar.gz", hash = "sha256:329fd448ba3cc9a83bcd83eee372ed13b5efdd3a5b28a4e6dc513c43d9a746f7", size = 46570425, upload-time = "2025-12-12T20:50:14.095Z" }
wheels = [
    { url = "https://files.pythonhosted.org/packages/00/81/94f9a35f3f703ca8f8df9fc8e70b587d3f9fb1e12c8fa54528e145732280/aws_cdk_lib-2.232.2-py3-none-any.whl", hash = "sha256:d1b3a5dbe518fbcbe3a9a06960396d8debdef9472c049fbf42adb3f01d613825", size = 47220640, upload-time = "2025-12-12T20:49:34.941Z" },
]

[[package]]
name = "cattrs"
version = "25.3.0"
source = { registry = "https://pypi.org/simple" }
dependencies = [
    { name = "attrs" },
    { name = "typing-extensions" },
]
sdist = { url = "https://files.pythonhosted.org/packages/6e/00/2432bb2d445b39b5407f0a90e01b9a271475eea7caf913d7a86bcb956385/cattrs-25.3.0.tar.gz", hash = "sha256:1ac88d9e5eda10436c4517e390a4142d88638fe682c436c93db7ce4a277b884a", size = 509321, upload-time = "2025-10-07T12:26:08.737Z" }
wheels = [
    { url = "https://files.pythonhosted.org/packages/d8/2b/a40e1488fdfa02d3f9a653a61a5935ea08b3c2225ee818db6a76c7ba9695/cattrs-25.3.0-py3-none-any.whl", hash = "sha256:9896e84e0a5bf723bc7b4b68f4481785367ce07a8a02e7e9ee6eb2819bc306ff", size = 70738, upload-time = "2025-10-07T12:26:06.603Z" },
]

[[package]]
name = "constructs"
version = "10.4.3"
source = { registry = "https://pypi.org/simple" }
dependencies = [
    { name = "jsii" },
    { name = "publication" },
    { name = "typeguard" },
]
sdist = { url = "https://files.pythonhosted.org/packages/7a/e1/48a63ea310ac999005368aa72f52be520210526002f3f0cfcb7aaa9477ee/constructs-10.4.3.tar.gz", hash = "sha256:bfe3657b0acb62af7aa1fda9a7e338ae5cae84ddf8f84f71125a2a3800d52ea0", size = 64486, upload-time = "2025-11-06T15:48:25.039Z" }
wheels = [
    { url = "https://files.pythonhosted.org/packages/97/94/a5ce72d63276d3baa47592d3d12afc33f9e5d8f4ddd7bb2ec0012255037f/constructs-10.4.3-py3-none-any.whl", hash = "sha256:43bbefa1ac1c044577d0b1a30648fe5b49557b8b95de2648186f6b909febf7f9", size = 62659, upload-time = "2025-11-06T15:48:21.966Z" },
]

[[package]]
name = "importlib-resources"
version = "6.5.2"
source = { registry = "https://pypi.org/simple" }
sdist = { url = "https://files.pythonhosted.org/packages/cf/8c/f834fbf984f691b4f7ff60f50b514cc3de5cc08abfc3295564dd89c5e2e7/importlib_resources-6.5.2.tar.gz", hash = "sha256:185f87adef5bcc288449d98fb4fba07cea78bc036455dd44c5fc4a2fe78fed2c", size = 44693, upload-time = "2025-01-03T18:51:56.698Z" }
wheels = [
    { url = "https://files.pythonhosted.org/packages/a4/ed/1f1afb2e9e7f38a545d628f864d562a5ae64fe6f7a10e28ffb9b185b4e89/importlib_resources-6.5.2-py3-none-any.whl", hash = "sha256:789cfdc3ed28c78b67a06acb8126751ced69a3d5f79c095a98298cd8a760ccec", size = 37461, upload-time = "2025-01-03T18:51:54.306Z" },
]

[[package]]
name = "jsii"
version = "1.121.0"
source = { registry = "https://pypi.org/simple" }
dependencies = [
    { name = "attrs" },
    { name = "cattrs" },
    { name = "importlib-resources" },
    { name = "publication" },
    { name = "python-dateutil" },
    { name = "typeguard" },
    { name = "typing-extensions" },
]
sdist = { url = "https://files.pythonhosted.org/packages/b0/e2/2950c7891f4ccf301be5e4fad8781169aa7dde2d267d4990debb6aeadac3/jsii-1.121.0.tar.gz", hash = "sha256:6c003ae10916bedce0cdf4cf86389435265ee151581e57429d0dd8aecb495be1", size = 625665, upload-time = "2025-12-09T17:25:08.544Z" }
wheels = [
    { url = "https://files.pythonhosted.org/packages/e1/08/986dfcdb0e7cba3edca74219e3d86b00623ccf0c8d7bdd62dea3947766ff/jsii-1.121.0-py3-none-any.whl", hash = "sha256:e7e10f020cfce01951956750fea50a863955e21aae202ee7f129b873f9d4988b", size = 601786, upload-time = "2025-12-09T17:25:07.194Z" },
]

[[package]]
name = "publication"
version = "0.0.3"
source = { registry = "https://pypi.org/simple" }
sdist = { url = "https://files.pythonhosted.org/packages/6b/8e/8c9fe7e32fdf9c386f83d59610cc819a25dadb874b5920f2d0ef7d35f46d/publication-0.0.3.tar.gz", hash = "sha256:68416a0de76dddcdd2930d1c8ef853a743cc96c82416c4e4d3b5d901c6276dc4", size = 5484, upload-time = "2019-01-15T07:52:23.914Z" }
wheels = [
    { url = "https://files.pythonhosted.org/packages/f8/d3/6308debad7afcdb3ea5f50b4b3d852f41eb566a311fbcb4da23755a28155/publication-0.0.3-py2.py3-none-any.whl", hash = "sha256:0248885351febc11d8a1098d5c8e3ab2dabcf3e8c0c96db1e17ecd12b53afbe6", size = 7687, upload-time = "2019-01-15T07:52:22.151Z" },
]

[[package]]
name = "pydantic"
version = "2.12.4"
source = { registry = "https://pypi.org/simple" }
dependencies = [
    { name = "annotated-types" },
    { name = "pydantic-core" },
    { name = "typing-extensions" },
    { name = "typing-inspection" },
]
sdist = { url = "https://files.pythonhosted.org/packages/96/ad/a17bc283d7d81837c061c49e3eaa27a45991759a1b7eae1031921c6bd924/pydantic-2.12.4.tar.gz", hash = "sha256:0f8cb9555000a4b5b617f66bfd2566264c4984b27589d3b845685983e8ea85ac", size = 821038, upload-time = "2025-11-05T10:50:08.59Z" }
wheels = [
    { url = "https://files.pythonhosted.org/packages/82/2f/e68750da9b04856e2a7ec56fc6f034a5a79775e9b9a81882252789873798/pydantic-2.12.4-py3-none-any.whl", hash = "sha256:92d3d202a745d46f9be6df459ac5a064fdaa3c1c4cd8adcfa332ccf3c05f871e", size = 463400, upload-time = "2025-11-05T10:50:06.732Z" },
]

[[package]]
name = "pydantic-core"
version = "2.41.5"
source = { registry = "https://pypi.org/simple" }
dependencies = [
    { name = "typing-extensions" },
]
sdist = { url = "https://files.pythonhosted.org/packages/71/70/23b021c950c2addd24ec408e9ab05d59b035b39d97cdc1130e1bce647bb6/pydantic_core-2.41.5.tar.gz", hash = "sha256:08daa51ea16ad373ffd5e7606252cc32f07bc72b28284b6bc9c6df804816476e", size = 460952, upload-time = "2025-11-04T13:43:49.098Z" }
wheels = [
    { url = "https://files.pythonhosted.org/packages/ea/28/46b7c5c9635ae96ea0fbb779e271a38129df2550f763937659ee6c5dbc65/pydantic_core-2.41.5-cp314-cp314-macosx_10_12_x86_64.whl", hash = "sha256:3f37a19d7ebcdd20b96485056ba9e8b304e27d9904d233d7b1015db320e51f0a", size = 2119622, upload-time = "2025-11-04T13:40:56.68Z" },
    { url = "https://files.pythonhosted.org/packages/74/1a/145646e5687e8d9a1e8d09acb278c8535ebe9e972e1f162ed338a622f193/pydantic_core-2.41.5-cp314-cp314-macosx_11_0_arm64.whl", hash = "sha256:1d1d9764366c73f996edd17abb6d9d7649a7eb690006ab6adbda117717099b14", size = 1891725, upload-time = "2025-11-04T13:40:58.807Z" },
    { url = "https://files.pythonhosted.org/packages/23/04/e89c29e267b8060b40dca97bfc64a19b2a3cf99018167ea1677d96368273/pydantic_core-2.41.5-cp314-cp314-manylinux_2_17_aarch64.manylinux2014_aarch64.whl", hash = "sha256:25e1c2af0fce638d5f1988b686f3b3ea8cd7de5f244ca147c777769e798a9cd1", size = 1915040, upload-time = "2025-11-04T13:41:00.853Z" },
    { url = "https://files.pythonhosted.org/packages/84/a3/15a82ac7bd97992a82257f777b3583d3e84bdb06ba6858f745daa2ec8a85/pydantic_core-2.41.5-cp314-cp314-manylinux_2_17_armv7l.manylinux2014_armv7l.whl", hash = "sha256:506d766a8727beef16b7adaeb8ee6217c64fc813646b424d0804d67c16eddb66", size = 2063691, upload-time = "2025-11-04T13:41:03.504Z" },
    { url = "https://files.pythonhosted.org/packages/74/9b/0046701313c6ef08c0c1cf0e028c67c770a4e1275ca73131563c5f2a310a/pydantic_core-2.41.5-cp314-cp314-manylinux_2_17_ppc64le.manylinux2014_ppc64le.whl", hash = "sha256:4819fa52133c9aa3c387b3328f25c1facc356491e6135b459f1de698ff64d869", size = 2213897, upload-time = "2025-11-04T13:41:05.804Z" },
    { url = "https://files.pythonhosted.org/packages/8a/cd/6bac76ecd1b27e75a95ca3a9a559c643b3afcd2dd62086d4b7a32a18b169/pydantic_core-2.41.5-cp314-cp314-manylinux_2_17_s390x.manylinux2014_s390x.whl", hash = "sha256:2b761d210c9ea91feda40d25b4efe82a1707da2ef62901466a42492c028553a2", size = 2333302, upload-time = "2025-11-04T13:41:07.809Z" },
    { url = "https://files.pythonhosted.org/packages/4c/d2/ef2074dc020dd6e109611a8be4449b98cd25e1b9b8a303c2f0fca2f2bcf7/pydantic_core-2.41.5-cp314-cp314-manylinux_2_17_x86_64.manylinux2014_x86_64.whl", hash = "sha256:22f0fb8c1c583a3b6f24df2470833b40207e907b90c928cc8d3594b76f874375", size = 2064877, upload-time = "2025-11-04T13:41:09.827Z" },
    { url = "https://files.pythonhosted.org/packages/18/66/e9db17a9a763d72f03de903883c057b2592c09509ccfe468187f2a2eef29/pydantic_core-2.41.5-cp314-cp314-manylinux_2_5_i686.manylinux1_i686.whl", hash = "sha256:2782c870e99878c634505236d81e5443092fba820f0373997ff75f90f68cd553", size = 2180680, upload-time = "2025-11-04T13:41:12.379Z" },
    { url = "https://files.pythonhosted.org/packages/d3/9e/3ce66cebb929f3ced22be85d4c2399b8e85b622db77dad36b73c5387f8f8/pydantic_core-2.41.5-cp314-cp314-musllinux_1_1_aarch64.whl", hash = "sha256:0177272f88ab8312479336e1d777f6b124537d47f2123f89cb37e0accea97f90", size = 2138960, upload-time = "2025-11-04T13:41:14.627Z" },
    { url = "https://files.pythonhosted.org/packages/a6/62/205a998f4327d2079326b01abee48e502ea739d174f0a89295c481a2272e/pydantic_core-2.41.5-cp314-cp314-musllinux_1_1_armv7l.whl", hash = "sha256:63510af5e38f8955b8ee5687740d6ebf7c2a0886d15a6d65c32814613681bc07", size = 2339102, upload-time = "2025-11-04T13:41:16.868Z" },
    { url = "https://files.pythonhosted.org/packages/3c/0d/f05e79471e889d74d3d88f5bd20d0ed189ad94c2423d81ff8d0000aab4ff/pydantic_core-2.41.5-cp314-cp314-musllinux_1_1_x86_64.whl", hash = "sha256:e56ba91f47764cc14f1daacd723e3e82d1a89d783f0f5afe9c364b8bb491ccdb", size = 2326039, upload-time = "2025-11-04T13:41:18.934Z" },
    { url = "https://files.pythonhosted.org/packages/ec/e1/e08a6208bb100da7e0c4b288eed624a703f4d129bde2da475721a80cab32/pydantic_core-2.41.5-cp314-cp314-win32.whl", hash = "sha256:aec5cf2fd867b4ff45b9959f8b20ea3993fc93e63c7363fe6851424c8a7e7c23", size = 1995126, upload-time = "2025-11-04T13:41:21.418Z" },
    { url = "https://files.pythonhosted.org/packages/48/5d/56ba7b24e9557f99c9237e29f5c09913c81eeb2f3217e40e922353668092/pydantic_core-2.41.5-cp314-cp314-win_amd64.whl", hash = "sha256:8e7c86f27c585ef37c35e56a96363ab8de4e549a95512445b85c96d3e2f7c1bf", size = 2015489, upload-time = "2025-11-04T13:41:24.076Z" },
    { url = "https://files.pythonhosted.org/packages/4e/bb/f7a190991ec9e3e0ba22e4993d8755bbc4a32925c0b5b42775c03e8148f9/pydantic_core-2.41.5-cp314-cp314-win_arm64.whl", hash = "sha256:e672ba74fbc2dc8eea59fb6d4aed6845e6905fc2a8afe93175d94a83ba2a01a0", size = 1977288, upload-time = "2025-11-04T13:41:26.33Z" },
    { url = "https://files.pythonhosted.org/packages/92/ed/77542d0c51538e32e15afe7899d79efce4b81eee631d99850edc2f5e9349/pydantic_core-2.41.5-cp314-cp314t-macosx_10_12_x86_64.whl", hash = "sha256:8566def80554c3faa0e65ac30ab0932b9e3a5cd7f8323764303d468e5c37595a", size = 2120255, upload-time = "2025-11-04T13:41:28.569Z" },
    { url = "https://files.pythonhosted.org/packages/bb/3d/6913dde84d5be21e284439676168b28d8bbba5600d838b9dca99de0fad71/pydantic_core-2.41.5-cp314-cp314t-macosx_11_0_arm64.whl", hash = "sha256:b80aa5095cd3109962a298ce14110ae16b8c1aece8b72f9dafe81cf597ad80b3", size = 1863760, upload-time = "2025-11-04T13:41:31.055Z" },
    { url = "https://files.pythonhosted.org/packages/5a/f0/e5e6b99d4191da102f2b0eb9687aaa7f5bea5d9964071a84effc3e40f997/pydantic_core-2.41.5-cp314-cp314t-manylinux_2_17_aarch64.manylinux2014_aarch64.whl", hash = "sha256:3006c3dd9ba34b0c094c544c6006cc79e87d8612999f1a5d43b769b89181f23c", size = 1878092, upload-time = "2025-11-04T13:41:33.21Z" },
    { url = "https://files.pythonhosted.org/packages/71/48/36fb760642d568925953bcc8116455513d6e34c4beaa37544118c36aba6d/pydantic_core-2.41.5-cp314-cp314t-manylinux_2_17_armv7l.manylinux2014_armv7l.whl", hash = "sha256:72f6c8b11857a856bcfa48c86f5368439f74453563f951e473514579d44aa612", size = 2053385, upload-time = "2025-11-04T13:41:35.508Z" },
    { url = "https://files.pythonhosted.org/packages/20/25/92dc684dd8eb75a234bc1c764b4210cf2646479d54b47bf46061657292a8/pydantic_core-2.41.5-cp314-cp314t-manylinux_2_17_ppc64le.manylinux2014_ppc64le.whl", hash = "sha256:5cb1b2f9742240e4bb26b652a5aeb840aa4b417c7748b6f8387927bc6e45e40d", size = 2218832, upload-time = "2025-11-04T13:41:37.732Z" },
    { url = "https://files.pythonhosted.org/packages/e2/09/f53e0b05023d3e30357d82eb35835d0f6340ca344720a4599cd663dca599/pydantic_core-2.41.5-cp314-cp314t-manylinux_2_17_s390x.manylinux2014_s390x.whl", hash = "sha256:bd3d54f38609ff308209bd43acea66061494157703364ae40c951f83ba99a1a9", size = 2327585, upload-time = "2025-11-04T13:41:40Z" },
    { url = "https://files.pythonhosted.org/packages/aa/4e/2ae1aa85d6af35a39b236b1b1641de73f5a6ac4d5a7509f77b814885760c/pydantic_core-2.41.5-cp314-cp314t-manylinux_2_17_x86_64.manylinux2014_x86_64.whl", hash = "sha256:2ff4321e56e879ee8d2a879501c8e469414d948f4aba74a2d4593184eb326660", size = 2041078, upload-time = "2025-11-04T13:41:42.323Z" },
    { url = "https://files.pythonhosted.org/packages/cd/13/2e215f17f0ef326fc72afe94776edb77525142c693767fc347ed6288728d/pydantic_core-2.41.5-cp314-cp314t-manylinux_2_5_i686.manylinux1_i686.whl", hash = "sha256:d0d2568a8c11bf8225044aa94409e21da0cb09dcdafe9ecd10250b2baad531a9", size = 2173914, upload-time = "2025-11-04T13:41:45.221Z" },
    { url = "https://files.pythonhosted.org/packages/02/7a/f999a6dcbcd0e5660bc348a3991c8915ce6599f4f2c6ac22f01d7a10816c/pydantic_core-2.41.5-cp314-cp314t-musllinux_1_1_aarch64.whl", hash = "sha256:a39455728aabd58ceabb03c90e12f71fd30fa69615760a075b9fec596456ccc3", size = 2129560, upload-time = "2025-11-04T13:41:47.474Z" },
    { url = "https://files.pythonhosted.org/packages/3a/b1/6c990ac65e3b4c079a4fb9f5b05f5b013afa0f4ed6780a3dd236d2cbdc64/pydantic_core-2.41.5-cp314-cp314t-musllinux_1_1_armv7l.whl", hash = "sha256:239edca560d05757817c13dc17c50766136d21f7cd0fac50295499ae24f90fdf", size = 2329244, upload-time = "2025-11-04T13:41:49.992Z" },
    { url = "https://files.pythonhosted.org/packages/d9/02/3c562f3a51afd4d88fff8dffb1771b30cfdfd79befd9883ee094f5b6c0d8/pydantic_core-2.41.5-cp314-cp314t-musllinux_1_1_x86_64.whl", hash = "sha256:2a5e06546e19f24c6a96a129142a75cee553cc018ffee48a460059b1185f4470", size = 2331955, upload-time = "2025-11-04T13:41:54.079Z" },
    { url = "https://files.pythonhosted.org/packages/5c/96/5fb7d8c3c17bc8c62fdb031c47d77a1af698f1d7a406b0f79aaa1338f9ad/pydantic_core-2.41.5-cp314-cp314t-win32.whl", hash = "sha256:b4ececa40ac28afa90871c2cc2b9ffd2ff0bf749380fbdf57d165fd23da353aa", size = 1988906, upload-time = "2025-11-04T13:41:56.606Z" },
    { url = "https://files.pythonhosted.org/packages/22/ed/182129d83032702912c2e2d8bbe33c036f342cc735737064668585dac28f/pydantic_core-2.41.5-cp314-cp314t-win_amd64.whl", hash = "sha256:80aa89cad80b32a912a65332f64a4450ed00966111b6615ca6816153d3585a8c", size = 1981607, upload-time = "2025-11-04T13:41:58.889Z" },
    { url = "https://files.pythonhosted.org/packages/9f/ed/068e41660b832bb0b1aa5b58011dea2a3fe0ba7861ff38c4d4904c1c1a99/pydantic_core-2.41.5-cp314-cp314t-win_arm64.whl", hash = "sha256:35b44f37a3199f771c3eaa53051bc8a70cd7b54f333531c59e29fd4db5d15008", size = 1974769, upload-time = "2025-11-04T13:42:01.186Z" },
]

[[package]]
name = "pydantic-settings"
version = "2.11.0"
source = { registry = "https://pypi.org/simple" }
dependencies = [
    { name = "pydantic" },
    { name = "python-dotenv" },
    { name = "typing-inspection" },
]
sdist = { url = "https://files.pythonhosted.org/packages/20/c5/dbbc27b814c71676593d1c3f718e6cd7d4f00652cefa24b75f7aa3efb25e/pydantic_settings-2.11.0.tar.gz", hash = "sha256:d0e87a1c7d33593beb7194adb8470fc426e95ba02af83a0f23474a04c9a08180", size = 188394, upload-time = "2025-09-24T14:19:11.764Z" }
wheels = [
    { url = "https://files.pythonhosted.org/packages/83/d6/887a1ff844e64aa823fb4905978d882a633cfe295c32eacad582b78a7d8b/pydantic_settings-2.11.0-py3-none-any.whl", hash = "sha256:fe2cea3413b9530d10f3a5875adffb17ada5c1e1bab0b2885546d7310415207c", size = 48608, upload-time = "2025-09-24T14:19:10.015Z" },
]

[[package]]
name = "python-dateutil"
version = "2.9.0.post0"
source = { registry = "https://pypi.org/simple" }
dependencies = [
    { name = "six" },
]
sdist = { url = "https://files.pythonhosted.org/packages/66/c0/0c8b6ad9f17a802ee498c46e004a0eb49bc148f2fd230864601a86dcf6db/python-dateutil-2.9.0.post0.tar.gz", hash = "sha256:37dd54208da7e1cd875388217d5e00ebd4179249f90fb72437e91a35459a0ad3", size = 342432, upload-time = "2024-03-01T18:36:20.211Z" }
wheels = [
    { url = "https://files.pythonhosted.org/packages/ec/57/56b9bcc3c9c6a792fcbaf139543cee77261f3651ca9da0c93f5c1221264b/python_dateutil-2.9.0.post0-py2.py3-none-any.whl", hash = "sha256:a8b2bc7bffae282281c8140a97d3aa9c14da0b136dfe83f850eea9a5f7470427", size = 229892, upload-time = "2024-03-01T18:36:18.57Z" },
]

[[package]]
name = "python-dotenv"
version = "1.2.1"
source = { registry = "https://pypi.org/simple" }
sdist = { url = "https://files.pythonhosted.org/packages/f0/26/19cadc79a718c5edbec86fd4919a6b6d3f681039a2f6d66d14be94e75fb9/python_dotenv-1.2.1.tar.gz", hash = "sha256:42667e897e16ab0d66954af0e60a9caa94f0fd4ecf3aaf6d2d260eec1aa36ad6", size = 44221, upload-time = "2025-10-26T15:12:10.434Z" }
wheels = [
    { url = "https://files.pythonhosted.org/packages/14/1b/a298b06749107c305e1fe0f814c6c74aea7b2f1e10989cb30f544a1b3253/python_dotenv-1.2.1-py3-none-any.whl", hash = "sha256:b81ee9561e9ca4004139c6cbba3a238c32b03e4894671e181b671e8cb8425d61", size = 21230, upload-time = "2025-10-26T15:12:09.109Z" },
]

[[package]]
name = "six"
version = "1.17.0"
source = { registry = "https://pypi.org/simple" }
sdist = { url = "https://files.pythonhosted.org/packages/94/e7/b2c673351809dca68a0e064b6af791aa332cf192da575fd474ed7d6f16a2/six-1.17.0.tar.gz", hash = "sha256:ff70335d468e7eb6ec65b95b99d3a2836546063f63acc5171de367e834932a81", size = 34031, upload-time = "2024-12-04T17:35:28.174Z" }
wheels = [
    { url = "https://files.pythonhosted.org/packages/b7/ce/149a00dd41f10bc29e5921b496af8b574d8413afcd5e30dfa0ed46c2cc5e/six-1.17.0-py2.py3-none-any.whl", hash = "sha256:4721f391ed90541fddacab5acf947aa0d3dc7d27b2e1e8eda2be8970586c3274", size = 11050, upload-time = "2024-12-04T17:35:26.475Z" },
]

[[package]]
name = "titiler-cdk"
version = "0.0.0"
source = { virtual = "." }
dependencies = [
    { name = "aws-cdk-lib" },
    { name = "constructs" },
    { name = "pydantic" },
    { name = "pydantic-settings" },
]

[package.metadata]
requires-dist = [
    { name = "aws-cdk-lib", specifier = "~=2.232.2" },
    { name = "constructs", specifier = ">=10.4.2" },
    { name = "pydantic", specifier = "~=2.0" },
    { name = "pydantic-settings", specifier = "~=2.0" },
]

[[package]]
name = "typeguard"
version = "2.13.3"
source = { registry = "https://pypi.org/simple" }
sdist = { url = "https://files.pythonhosted.org/packages/3a/38/c61bfcf62a7b572b5e9363a802ff92559cb427ee963048e1442e3aef7490/typeguard-2.13.3.tar.gz", hash = "sha256:00edaa8da3a133674796cf5ea87d9f4b4c367d77476e185e80251cc13dfbb8c4", size = 40604, upload-time = "2021-12-10T21:09:39.158Z" }
wheels = [
    { url = "https://files.pythonhosted.org/packages/9a/bb/d43e5c75054e53efce310e79d63df0ac3f25e34c926be5dffb7d283fb2a8/typeguard-2.13.3-py3-none-any.whl", hash = "sha256:5e3e3be01e887e7eafae5af63d1f36c849aaa94e3a0112097312aabfa16284f1", size = 17605, upload-time = "2021-12-10T21:09:37.844Z" },
]

[[package]]
name = "typing-extensions"
version = "4.15.0"
source = { registry = "https://pypi.org/simple" }
sdist = { url = "https://files.pythonhosted.org/packages/72/94/1a15dd82efb362ac84269196e94cf00f187f7ed21c242792a923cdb1c61f/typing_extensions-4.15.0.tar.gz", hash = "sha256:0cea48d173cc12fa28ecabc3b837ea3cf6f38c6d1136f85cbaaf598984861466", size = 109391, upload-time = "2025-08-25T13:49:26.313Z" }
wheels = [
    { url = "https://files.pythonhosted.org/packages/18/67/36e9267722cc04a6b9f15c7f3441c2363321a3ea07da7ae0c0707beb2a9c/typing_extensions-4.15.0-py3-none-any.whl", hash = "sha256:f0fa19c6845758ab08074a0cfa8b7aecb71c999ca73d62883bc25cc018c4e548", size = 44614, upload-time = "2025-08-25T13:49:24.86Z" },
]

[[package]]
name = "typing-inspection"
version = "0.4.2"
source = { registry = "https://pypi.org/simple" }
dependencies = [
    { name = "typing-extensions" },
]
sdist = { url = "https://files.pythonhosted.org/packages/55/e3/70399cb7dd41c10ac53367ae42139cf4b1ca5f36bb3dc6c9d33acdb43655/typing_inspection-0.4.2.tar.gz", hash = "sha256:ba561c48a67c5958007083d386c3295464928b01faa735ab8547c5692e87f464", size = 75949, upload-time = "2025-10-01T02:14:41.687Z" }
wheels = [
    { url = "https://files.pythonhosted.org/packages/dc/9b/47798a6c91d8bdb567fe2698fe81e0c6b7cb7ef4d13da4114b41d239f65d/typing_inspection-0.4.2-py3-none-any.whl", hash = "sha256:4ed1cacbdc298c220f1bd249ed5287caa16f34d44ef4e9c3d0cbad5b521545e7", size = 14611, upload-time = "2025-10-01T02:14:40.154Z" },
]
